<?xml version="1.0" encoding="utf-8"?>
<Project ToolsVersion="4.0" xmlns="http://schemas.microsoft.com/developer/msbuild/2003">
  <ItemGroup>
    <Filter Include="リソース ファイル">
      <UniqueIdentifier>{67DA6AB6-F800-4c08-8B7A-83BB121AAD01}</UniqueIdentifier>
      <Extensions>rc;ico;cur;bmp;dlg;rc2;rct;bin;rgs;gif;jpg;jpeg;jpe;resx;tiff;tif;png;wav;mfcribbon-ms</Extensions>
    </Filter>
    <Filter Include="Container">
      <UniqueIdentifier>{90396e03-0f29-44a7-a10d-72c025c4eaab}</UniqueIdentifier>
    </Filter>
    <Filter Include="Scene">
      <UniqueIdentifier>{6f3a145e-0538-4137-827b-15c824f66c15}</UniqueIdentifier>
    </Filter>
    <Filter Include="Manager">
      <UniqueIdentifier>{4a288c31-9778-45d1-be8f-aaad16bdde3d}</UniqueIdentifier>
    </Filter>
    <Filter Include="Actor">
      <UniqueIdentifier>{d2d33000-f820-49b9-9c80-cf0672084f53}</UniqueIdentifier>
    </Filter>
    <Filter Include="Actor\Bullet">
      <UniqueIdentifier>{ae3505a3-fb93-49c2-b130-bbe68f68dddd}</UniqueIdentifier>
    </Filter>
  </ItemGroup>
  <ItemGroup>
    <ClCompile Include="main.cpp">
      <Filter>Manager</Filter>
    </ClCompile>
    <ClCompile Include="Game_object.cpp">
      <Filter>Manager</Filter>
    </ClCompile>
    <ClCompile Include="Game.cpp">
      <Filter>Manager</Filter>
    </ClCompile>
    <ClCompile Include="Container.cpp">
      <Filter>Container</Filter>
    </ClCompile>
    <ClCompile Include="Scene.cpp">
      <Filter>Scene</Filter>
    </ClCompile>
    <ClCompile Include="Select_character.cpp">
      <Filter>Scene</Filter>
    </ClCompile>
    <ClCompile Include="Select_stage.cpp">
      <Filter>Scene</Filter>
    </ClCompile>
    <ClCompile Include="Title.cpp">
      <Filter>Scene</Filter>
    </ClCompile>
    <ClCompile Include="Player.cpp">
      <Filter>Actor</Filter>
    </ClCompile>
    <ClCompile Include="Playing_game.cpp">
      <Filter>Scene</Filter>
    </ClCompile>
    <ClCompile Include="Pause_game.cpp">
      <Filter>Scene</Filter>
    </ClCompile>
    <ClCompile Include="Map.cpp">
      <Filter>Actor</Filter>
    </ClCompile>
    <ClCompile Include="Bullets.cpp">
      <Filter>Actor\Bullet</Filter>
    </ClCompile>
    <ClCompile Include="Player_bullets.cpp">
      <Filter>Actor\Bullet</Filter>
    </ClCompile>
    <ClCompile Include="Enemy.cpp">
      <Filter>Actor</Filter>
    </ClCompile>
    <ClCompile Include="Enemy_bullets.cpp">
      <Filter>Actor\Bullet</Filter>
    </ClCompile>
    <ClCompile Include="Game_clear.cpp" />
    <ClCompile Include="Game_over.cpp" />
  </ItemGroup>
  <ItemGroup>
    <ResourceCompile Include="resource.rc">
      <Filter>リソース ファイル</Filter>
    </ResourceCompile>
  </ItemGroup>
  <ItemGroup>
    <ClInclude Include="Game_object.h">
      <Filter>Manager</Filter>
    </ClInclude>
    <ClInclude Include="Game.h">
      <Filter>Manager</Filter>
    </ClInclude>
    <ClInclude Include="Container.h">
      <Filter>Container</Filter>
    </ClInclude>
    <ClInclude Include="Scene.h">
      <Filter>Scene</Filter>
    </ClInclude>
    <ClInclude Include="Select_character.h">
      <Filter>Scene</Filter>
    </ClInclude>
    <ClInclude Include="Select_stage.h">
      <Filter>Scene</Filter>
    </ClInclude>
    <ClInclude Include="Title.h">
      <Filter>Scene</Filter>
    </ClInclude>
    <ClInclude Include="Player.h">
      <Filter>Actor</Filter>
    </ClInclude>
    <ClInclude Include="Pause_game.h">
      <Filter>Scene</Filter>
    </ClInclude>
    <ClInclude Include="Playing_game.h">
      <Filter>Scene</Filter>
    </ClInclude>
    <ClInclude Include="Map.h">
      <Filter>Actor</Filter>
    </ClInclude>
    <ClInclude Include="Bullets.h">
      <Filter>Actor\Bullet</Filter>
    </ClInclude>
    <ClInclude Include="Player_bullets.h">
      <Filter>Actor\Bullet</Filter>
    </ClInclude>
    <ClInclude Include="Enemy.h">
      <Filter>Actor</Filter>
    </ClInclude>
    <ClInclude Include="Enemy_bullets.h">
      <Filter>Actor\Bullet</Filter>
    </ClInclude>
    <ClInclude Include="Game_clear.h" />
    <ClInclude Include="Game_over.h" />
  </ItemGroup>
</Project>